
Microsoft Visual Studio Solution File, Format Version 12.00
# Visual Studio Version 17
VisualStudioVersion = 17.2.32505.173
MinimumVisualStudioVersion = 10.0.40219.1
Project("{9A19103F-16F7-4668-BE54-9A1E7A4F7556}") = "PlatformService", "PlatformService.csproj", "{1B287B91-5683-42FA-B154-1032AACFB5E8}"
EndProject
Project("{9A19103F-16F7-4668-BE54-9A1E7A4F7556}") = "CommandService", "..\CommandService\CommandService.csproj", "{A282F743-AC65-445E-86C7-FD70B6E76760}"
EndProject
Project("{2150E333-8FDC-42A3-9474-1A3956D46DE8}") = "K8S", "K8S", "{18C360D2-572A-45C8-A02F-654CB43722D0}"
	ProjectSection(SolutionItems) = preProject
		..\K8S\commands-depl.yaml = ..\K8S\commands-depl.yaml
		..\K8S\ingress-srv.yaml = ..\K8S\ingress-srv.yaml
		..\K8S\local-pvc.yaml = ..\K8S\local-pvc.yaml
		..\K8S\mssql-plat-depl.yaml = ..\K8S\mssql-plat-depl.yaml
		..\K8S\platforms-depl.yaml = ..\K8S\platforms-depl.yaml
		..\K8S\platforms-np-srv.yaml = ..\K8S\platforms-np-srv.yaml
		..\K8S\rabbitmq-depl.yaml = ..\K8S\rabbitmq-depl.yaml
	EndProjectSection
EndProject
Global
	GlobalSection(SolutionConfigurationPlatforms) = preSolution
		Debug|Any CPU = Debug|Any CPU
		Release|Any CPU = Release|Any CPU
	EndGlobalSection
	GlobalSection(ProjectConfigurationPlatforms) = postSolution
		{1B287B91-5683-42FA-B154-1032AACFB5E8}.Debug|Any CPU.ActiveCfg = Debug|Any CPU
		{1B287B91-5683-42FA-B154-1032AACFB5E8}.Debug|Any CPU.Build.0 = Debug|Any CPU
		{1B287B91-5683-42FA-B154-1032AACFB5E8}.Release|Any CPU.ActiveCfg = Release|Any CPU
		{1B287B91-5683-42FA-B154-1032AACFB5E8}.Release|Any CPU.Build.0 = Release|Any CPU
		{A282F743-AC65-445E-86C7-FD70B6E76760}.Debug|Any CPU.ActiveCfg = Debug|Any CPU
		{A282F743-AC65-445E-86C7-FD70B6E76760}.Debug|Any CPU.Build.0 = Debug|Any CPU
		{A282F743-AC65-445E-86C7-FD70B6E76760}.Release|Any CPU.ActiveCfg = Release|Any CPU
		{A282F743-AC65-445E-86C7-FD70B6E76760}.Release|Any CPU.Build.0 = Release|Any CPU
	EndGlobalSection
	GlobalSection(SolutionProperties) = preSolution
		HideSolutionNode = FALSE
	EndGlobalSection
	GlobalSection(ExtensibilityGlobals) = postSolution
		SolutionGuid = {59A6055C-CD59-47F4-AAC0-D2A27AA39B9B}
	EndGlobalSection
EndGlobal
